<?xml version="1.0" encoding="UTF-8"?>
<CONFIG>
  <ProjectOptions>
    <Version Value="12"/>
    <General>
      <Flags>
        <MainUnitHasCreateFormStatements Value="False"/>
        <MainUnitHasTitleStatement Value="False"/>
        <MainUnitHasScaledStatement Value="False"/>
        <LRSInOutputDirectory Value="False"/>
        <CompatibilityMode Value="True"/>
      </Flags>
      <SessionStorage Value="InProjectDir"/>
      <Title Value="yeehaaandroid"/>
      <UseAppBundle Value="False"/>
      <ResourceType Value="res"/>
    </General>
    <CustomData Count="11">
      <Item0 Name="BuildSystem" Value="Gradle"/>
      <Item1 Name="LAMW" Value="GUI"/>
      <Item2 Name="LamwVersion" Value="0.8.6.1"/>
      <Item3 Name="MinSdk" Value="14"/>
      <Item4 Name="NdkApi" Value="android-22"/>
      <Item5 Name="NdkPath" Value="/opt/LAMW/ndk/"/>
      <Item6 Name="Package" Value="org.leledumbo.androiddemo"/>
      <Item7 Name="SdkPath" Value="/opt/LAMW/sdk/"/>
      <Item8 Name="StartModule" Value="AMMain"/>
      <Item9 Name="Support" Value="FALSE"/>
      <Item10 Name="Theme" Value="DeviceDefault"/>
    </CustomData>
    <BuildModes Count="1">
      <Item1 Name="Default" Default="True"/>
    </BuildModes>
    <PublishOptions>
      <Version Value="2"/>
      <UseFileFilters Value="True"/>
    </PublishOptions>
    <RunParams>
      <FormatVersion Value="2"/>
    </RunParams>
    <RequiredPackages Count="3">
      <Item1>
        <PackageName Value="laz_synapse"/>
      </Item1>
      <Item2>
        <PackageName Value="lnetbase"/>
      </Item2>
      <Item3>
        <PackageName Value="tfpandroidbridge_pack"/>
      </Item3>
    </RequiredPackages>
    <Units Count="4">
      <Unit0>
        <Filename Value="yeehaaandroid.lpr"/>
        <IsPartOfProject Value="True"/>
      </Unit0>
      <Unit1>
        <Filename Value="modmain.pas"/>
        <IsPartOfProject Value="True"/>
        <ComponentName Value="AMMain"/>
        <HasResources Value="True"/>
        <ResourceBaseClass Value="Other"/>
        <ResourceBaseClassname Value="TAndroidForm"/>
        <CustomData Count="1">
          <Item0 Name="jControls" Value="jCheckBox;jEditText;jForm;jLinearLayout;jSpinner;jTextView"/>
        </CustomData>
      </Unit1>
      <Unit2>
        <Filename Value="../../yeehaa.synapse.pas"/>
        <IsPartOfProject Value="True"/>
      </Unit2>
      <Unit3>
        <Filename Value="../../yeehaa.lnet.pas"/>
        <IsPartOfProject Value="True"/>
      </Unit3>
    </Units>
  </ProjectOptions>
  <CompilerOptions>
    <Version Value="11"/>
    <Target>
      <Filename Value="../libs/armeabi-v7a/controls"/>
    </Target>
    <SearchPaths>
      <Libraries Value="/opt/LAMW/ndk/platforms/android-22/arch-arm/usr/lib/;/opt/LAMW/ndk/toolchains/arm-linux-androideabi-4.9/prebuilt/linux-x86_64/lib/gcc/arm-linux-androideabi/4.9.x/"/>
      <OtherUnitFiles Value="../.."/>
      <UnitOutputDirectory Value="../obj/controls"/>
    </SearchPaths>
    <Parsing>
      <SyntaxOptions>
        <SyntaxMode Value="Delphi"/>
        <CStyleMacros Value="True"/>
      </SyntaxOptions>
    </Parsing>
    <CodeGeneration>
      <SmartLinkUnit Value="True"/>
      <TargetCPU Value="arm"/>
      <TargetOS Value="android"/>
      <Optimizations>
        <OptimizationLevel Value="3"/>
      </Optimizations>
      <SmallerCode Value="True"/>
    </CodeGeneration>
    <Linking>
      <Debugging>
        <GenerateDebugInfo Value="False"/>
        <StripSymbols Value="True"/>
      </Debugging>
      <LinkSmart Value="True"/>
      <Options>
        <ExecutableType Value="Library"/>
      </Options>
    </Linking>
    <Other>
      <CustomOptions Value="-Xd -CfVFPv3 -CpARMV7A -XParm-linux-androideabi- -FD/opt/LAMW/ndk/toolchains/arm-linux-androideabi-4.9/prebuilt/linux-x86_64/bin"/>
    </Other>
  </CompilerOptions>
  <Debugging>
    <Exceptions Count="3">
      <Item1>
        <Name Value="EAbort"/>
      </Item1>
      <Item2>
        <Name Value="ECodetoolError"/>
      </Item2>
      <Item3>
        <Name Value="EFOpenError"/>
      </Item3>
    </Exceptions>
  </Debugging>
</CONFIG>
